
Microsoft Visual Studio Solution File, Format Version 12.00
# Visual Studio Version 17
VisualStudioVersion = 17.4.33213.308
MinimumVisualStudioVersion = 10.0.40219.1
Project("{8BC9CEB8-8B4A-11D0-8D11-00A0C91BC942}") = "PostfixInterpreter", "PostfixInterpreter\PostfixInterpreter.vcxproj", "{A7DF7262-CBBF-4212-ABF1-539501A74A4C}"
EndProject
Project("{8BC9CEB8-8B4A-11D0-8D11-00A0C91BC942}") = "UnitTest", "UnitTest\UnitTest.vcxproj", "{923282AF-0DB4-467B-AD5D-365AA8DEE86D}"
EndProject
Project("{8BC9CEB8-8B4A-11D0-8D11-00A0C91BC942}") = "UnitTest2", "UnitTest2\UnitTest2.vcxproj", "{7910B93B-5032-4C6C-8494-1C38A8A76CAA}"
EndProject
Global
	GlobalSection(SolutionConfigurationPlatforms) = preSolution
		Debug|x64 = Debug|x64
		Debug|x86 = Debug|x86
		Release|x64 = Release|x64
		Release|x86 = Release|x86
	EndGlobalSection
	GlobalSection(ProjectConfigurationPlatforms) = postSolution
		{A7DF7262-CBBF-4212-ABF1-539501A74A4C}.Debug|x64.ActiveCfg = Debug|x64
		{A7DF7262-CBBF-4212-ABF1-539501A74A4C}.Debug|x64.Build.0 = Debug|x64
		{A7DF7262-CBBF-4212-ABF1-539501A74A4C}.Debug|x86.ActiveCfg = Debug|Win32
		{A7DF7262-CBBF-4212-ABF1-539501A74A4C}.Debug|x86.Build.0 = Debug|Win32
		{A7DF7262-CBBF-4212-ABF1-539501A74A4C}.Release|x64.ActiveCfg = Release|x64
		{A7DF7262-CBBF-4212-ABF1-539501A74A4C}.Release|x64.Build.0 = Release|x64
		{A7DF7262-CBBF-4212-ABF1-539501A74A4C}.Release|x86.ActiveCfg = Release|Win32
		{A7DF7262-CBBF-4212-ABF1-539501A74A4C}.Release|x86.Build.0 = Release|Win32
		{923282AF-0DB4-467B-AD5D-365AA8DEE86D}.Debug|x64.ActiveCfg = Debug|x64
		{923282AF-0DB4-467B-AD5D-365AA8DEE86D}.Debug|x64.Build.0 = Debug|x64
		{923282AF-0DB4-467B-AD5D-365AA8DEE86D}.Debug|x86.ActiveCfg = Debug|Win32
		{923282AF-0DB4-467B-AD5D-365AA8DEE86D}.Debug|x86.Build.0 = Debug|Win32
		{923282AF-0DB4-467B-AD5D-365AA8DEE86D}.Release|x64.ActiveCfg = Release|x64
		{923282AF-0DB4-467B-AD5D-365AA8DEE86D}.Release|x64.Build.0 = Release|x64
		{923282AF-0DB4-467B-AD5D-365AA8DEE86D}.Release|x86.ActiveCfg = Release|Win32
		{923282AF-0DB4-467B-AD5D-365AA8DEE86D}.Release|x86.Build.0 = Release|Win32
		{7910B93B-5032-4C6C-8494-1C38A8A76CAA}.Debug|x64.ActiveCfg = Debug|x64
		{7910B93B-5032-4C6C-8494-1C38A8A76CAA}.Debug|x64.Build.0 = Debug|x64
		{7910B93B-5032-4C6C-8494-1C38A8A76CAA}.Debug|x86.ActiveCfg = Debug|Win32
		{7910B93B-5032-4C6C-8494-1C38A8A76CAA}.Debug|x86.Build.0 = Debug|Win32
		{7910B93B-5032-4C6C-8494-1C38A8A76CAA}.Release|x64.ActiveCfg = Release|x64
		{7910B93B-5032-4C6C-8494-1C38A8A76CAA}.Release|x64.Build.0 = Release|x64
		{7910B93B-5032-4C6C-8494-1C38A8A76CAA}.Release|x86.ActiveCfg = Release|Win32
		{7910B93B-5032-4C6C-8494-1C38A8A76CAA}.Release|x86.Build.0 = Release|Win32
	EndGlobalSection
	GlobalSection(SolutionProperties) = preSolution
		HideSolutionNode = FALSE
	EndGlobalSection
	GlobalSection(ExtensibilityGlobals) = postSolution
		SolutionGuid = {0EF5DABB-FCDF-4BF7-9DB6-307435E9069F}
	EndGlobalSection
EndGlobal
